
Microsoft Visual Studio Solution File, Format Version 12.00
# Visual Studio Version 17
VisualStudioVersion = 17.7.34031.279
MinimumVisualStudioVersion = 10.0.40219.1
Project("{FAE04EC0-301F-11D3-BF4B-00C04F79EFBC}") = "FTGOverlayControl", "FTGOverlayControl\FTGOverlayControl.csproj", "{EAE3D657-826B-4AD2-859E-8299968E5390}"
EndProject
Global
	GlobalSection(SolutionConfigurationPlatforms) = preSolution
		Debug|Any CPU = Debug|Any CPU
		Release|Any CPU = Release|Any CPU
	EndGlobalSection
	GlobalSection(ProjectConfigurationPlatforms) = postSolution
		{EAE3D657-826B-4AD2-859E-8299968E5390}.Debug|Any CPU.ActiveCfg = Debug|Any CPU
		{EAE3D657-826B-4AD2-859E-8299968E5390}.Debug|Any CPU.Build.0 = Debug|Any CPU
		{EAE3D657-826B-4AD2-859E-8299968E5390}.Release|Any CPU.ActiveCfg = Release|Any CPU
		{EAE3D657-826B-4AD2-859E-8299968E5390}.Release|Any CPU.Build.0 = Release|Any CPU
	EndGlobalSection
	GlobalSection(SolutionProperties) = preSolution
		HideSolutionNode = FALSE
	EndGlobalSection
	GlobalSection(ExtensibilityGlobals) = postSolution
		SolutionGuid = {EBE35BEC-56FC-45D8-B36B-5014B190901B}
	EndGlobalSection
EndGlobal
