
Microsoft Visual Studio Solution File, Format Version 12.00
# Visual Studio Version 17
VisualStudioVersion = 17.7.34031.279
MinimumVisualStudioVersion = 10.0.40219.1
Project("{9A19103F-16F7-4668-BE54-9A1E7A4F7556}") = "FTGOverlayControl", "FTGOverlayControl\FTGOverlayControl.csproj", "{EAE3D657-826B-4AD2-859E-8299968E5390}"
EndProject
Project("{9A19103F-16F7-4668-BE54-9A1E7A4F7556}") = "LocalHTTPServer", "LocalHTTPServer\LocalHTTPServer.csproj", "{308B18A0-1E4C-4194-8D1B-F748152AFDFB}"
EndProject
Project("{9A19103F-16F7-4668-BE54-9A1E7A4F7556}") = "RoundRobinControl", "RoundRobinControl\RoundRobinControl.csproj", "{ACD145C4-90E0-40FD-B2D3-2462AE18C96A}"
EndProject
Global
	GlobalSection(SolutionConfigurationPlatforms) = preSolution
		Debug|Any CPU = Debug|Any CPU
		Debug|x64 = Debug|x64
		Release|Any CPU = Release|Any CPU
		Release|x64 = Release|x64
	EndGlobalSection
	GlobalSection(ProjectConfigurationPlatforms) = postSolution
		{EAE3D657-826B-4AD2-859E-8299968E5390}.Debug|Any CPU.ActiveCfg = Debug|Any CPU
		{EAE3D657-826B-4AD2-859E-8299968E5390}.Debug|Any CPU.Build.0 = Debug|Any CPU
		{EAE3D657-826B-4AD2-859E-8299968E5390}.Debug|x64.ActiveCfg = Debug|x64
		{EAE3D657-826B-4AD2-859E-8299968E5390}.Debug|x64.Build.0 = Debug|x64
		{EAE3D657-826B-4AD2-859E-8299968E5390}.Release|Any CPU.ActiveCfg = Release|Any CPU
		{EAE3D657-826B-4AD2-859E-8299968E5390}.Release|Any CPU.Build.0 = Release|Any CPU
		{EAE3D657-826B-4AD2-859E-8299968E5390}.Release|x64.ActiveCfg = Release|x64
		{EAE3D657-826B-4AD2-859E-8299968E5390}.Release|x64.Build.0 = Release|x64
		{308B18A0-1E4C-4194-8D1B-F748152AFDFB}.Debug|Any CPU.ActiveCfg = Debug|Any CPU
		{308B18A0-1E4C-4194-8D1B-F748152AFDFB}.Debug|Any CPU.Build.0 = Debug|Any CPU
		{308B18A0-1E4C-4194-8D1B-F748152AFDFB}.Debug|x64.ActiveCfg = Debug|Any CPU
		{308B18A0-1E4C-4194-8D1B-F748152AFDFB}.Debug|x64.Build.0 = Debug|Any CPU
		{308B18A0-1E4C-4194-8D1B-F748152AFDFB}.Release|Any CPU.ActiveCfg = Release|Any CPU
		{308B18A0-1E4C-4194-8D1B-F748152AFDFB}.Release|Any CPU.Build.0 = Release|Any CPU
		{308B18A0-1E4C-4194-8D1B-F748152AFDFB}.Release|x64.ActiveCfg = Release|Any CPU
		{308B18A0-1E4C-4194-8D1B-F748152AFDFB}.Release|x64.Build.0 = Release|Any CPU
		{ACD145C4-90E0-40FD-B2D3-2462AE18C96A}.Debug|Any CPU.ActiveCfg = Debug|Any CPU
		{ACD145C4-90E0-40FD-B2D3-2462AE18C96A}.Debug|Any CPU.Build.0 = Debug|Any CPU
		{ACD145C4-90E0-40FD-B2D3-2462AE18C96A}.Debug|x64.ActiveCfg = Debug|Any CPU
		{ACD145C4-90E0-40FD-B2D3-2462AE18C96A}.Debug|x64.Build.0 = Debug|Any CPU
		{ACD145C4-90E0-40FD-B2D3-2462AE18C96A}.Release|Any CPU.ActiveCfg = Release|Any CPU
		{ACD145C4-90E0-40FD-B2D3-2462AE18C96A}.Release|Any CPU.Build.0 = Release|Any CPU
		{ACD145C4-90E0-40FD-B2D3-2462AE18C96A}.Release|x64.ActiveCfg = Release|Any CPU
		{ACD145C4-90E0-40FD-B2D3-2462AE18C96A}.Release|x64.Build.0 = Release|Any CPU
	EndGlobalSection
	GlobalSection(SolutionProperties) = preSolution
		HideSolutionNode = FALSE
	EndGlobalSection
	GlobalSection(ExtensibilityGlobals) = postSolution
		SolutionGuid = {EBE35BEC-56FC-45D8-B36B-5014B190901B}
	EndGlobalSection
EndGlobal
